
Microsoft Visual Studio Solution File, Format Version 12.00
# Visual Studio Version 16
VisualStudioVersion = 16.0.31702.278
MinimumVisualStudioVersion = 10.0.40219.1
Project("{FAE04EC0-301F-11D3-BF4B-00C04F79EFBC}") = "PicRegistration", "PicRegistration\PicRegistration.csproj", "{9DBB90BB-46A8-4DBB-8646-388E837BBD7C}"
EndProject
Global
	GlobalSection(SolutionConfigurationPlatforms) = preSolution
		Debug|Any CPU = Debug|Any CPU
		Release|Any CPU = Release|Any CPU
	EndGlobalSection
	GlobalSection(ProjectConfigurationPlatforms) = postSolution
		{9DBB90BB-46A8-4DBB-8646-388E837BBD7C}.Debug|Any CPU.ActiveCfg = Debug|Any CPU
		{9DBB90BB-46A8-4DBB-8646-388E837BBD7C}.Debug|Any CPU.Build.0 = Debug|Any CPU
		{9DBB90BB-46A8-4DBB-8646-388E837BBD7C}.Release|Any CPU.ActiveCfg = Release|Any CPU
		{9DBB90BB-46A8-4DBB-8646-388E837BBD7C}.Release|Any CPU.Build.0 = Release|Any CPU
	EndGlobalSection
	GlobalSection(SolutionProperties) = preSolution
		HideSolutionNode = FALSE
	EndGlobalSection
	GlobalSection(ExtensibilityGlobals) = postSolution
		SolutionGuid = {3834DBE0-359E-4410-A4B0-FF90F477A8C8}
	EndGlobalSection
EndGlobal
